
Microsoft Visual Studio Solution File, Format Version 12.00
# Visual Studio 14
VisualStudioVersion = 14.0.24720.0
MinimumVisualStudioVersion = 10.0.40219.1
Project("{FAE04EC0-301F-11D3-BF4B-00C04F79EFBC}") = "Shouty", "Shouty\Shouty.csproj", "{3F0D11CD-367D-457D-969F-4B8DB74E5C9E}"
EndProject
Project("{FAE04EC0-301F-11D3-BF4B-00C04F79EFBC}") = "ShoutyFeatures", "ShoutyFeatures\ShoutyFeatures.csproj", "{494245D6-C86B-4E14-A23E-D8DBFF374EAE}"
EndProject
Project("{2150E333-8FDC-42A3-9474-1A3956D46DE8}") = "Solution Items", "Solution Items", "{5155B65D-A740-4B02-875B-15C3DB72C84C}"
	ProjectSection(SolutionItems) = preProject
		README.md = README.md
	EndProjectSection
EndProject
Project("{FAE04EC0-301F-11D3-BF4B-00C04F79EFBC}") = "Shouty.UnitTests", "Shouty.UnitTests\Shouty.UnitTests.csproj", "{720BD060-53A4-4B3F-B8E3-7E64DB296F9E}"
EndProject
Project("{FAE04EC0-301F-11D3-BF4B-00C04F79EFBC}") = "Shouty.Web", "Shouty.Web\Shouty.Web.csproj", "{70F8C72C-A99E-4225-8CC9-7A80DC353992}"
EndProject
Global
	GlobalSection(SolutionConfigurationPlatforms) = preSolution
		Debug|Any CPU = Debug|Any CPU
		Release|Any CPU = Release|Any CPU
	EndGlobalSection
	GlobalSection(ProjectConfigurationPlatforms) = postSolution
		{3F0D11CD-367D-457D-969F-4B8DB74E5C9E}.Debug|Any CPU.ActiveCfg = Debug|Any CPU
		{3F0D11CD-367D-457D-969F-4B8DB74E5C9E}.Debug|Any CPU.Build.0 = Debug|Any CPU
		{3F0D11CD-367D-457D-969F-4B8DB74E5C9E}.Release|Any CPU.ActiveCfg = Release|Any CPU
		{3F0D11CD-367D-457D-969F-4B8DB74E5C9E}.Release|Any CPU.Build.0 = Release|Any CPU
		{494245D6-C86B-4E14-A23E-D8DBFF374EAE}.Debug|Any CPU.ActiveCfg = Debug|Any CPU
		{494245D6-C86B-4E14-A23E-D8DBFF374EAE}.Debug|Any CPU.Build.0 = Debug|Any CPU
		{494245D6-C86B-4E14-A23E-D8DBFF374EAE}.Release|Any CPU.ActiveCfg = Release|Any CPU
		{494245D6-C86B-4E14-A23E-D8DBFF374EAE}.Release|Any CPU.Build.0 = Release|Any CPU
		{720BD060-53A4-4B3F-B8E3-7E64DB296F9E}.Debug|Any CPU.ActiveCfg = Debug|Any CPU
		{720BD060-53A4-4B3F-B8E3-7E64DB296F9E}.Debug|Any CPU.Build.0 = Debug|Any CPU
		{720BD060-53A4-4B3F-B8E3-7E64DB296F9E}.Release|Any CPU.ActiveCfg = Release|Any CPU
		{720BD060-53A4-4B3F-B8E3-7E64DB296F9E}.Release|Any CPU.Build.0 = Release|Any CPU
		{70F8C72C-A99E-4225-8CC9-7A80DC353992}.Debug|Any CPU.ActiveCfg = Debug|Any CPU
		{70F8C72C-A99E-4225-8CC9-7A80DC353992}.Debug|Any CPU.Build.0 = Debug|Any CPU
		{70F8C72C-A99E-4225-8CC9-7A80DC353992}.Release|Any CPU.ActiveCfg = Release|Any CPU
		{70F8C72C-A99E-4225-8CC9-7A80DC353992}.Release|Any CPU.Build.0 = Release|Any CPU
	EndGlobalSection
	GlobalSection(SolutionProperties) = preSolution
		HideSolutionNode = FALSE
	EndGlobalSection
EndGlobal
