
Microsoft Visual Studio Solution File, Format Version 12.00
# Visual Studio 2013
VisualStudioVersion = 12.0.31101.0
MinimumVisualStudioVersion = 10.0.40219.1
Project("{FAE04EC0-301F-11D3-BF4B-00C04F79EFBC}") = "Shouty", "Shouty\Shouty.csproj", "{3F0D11CD-367D-457D-969F-4B8DB74E5C9E}"
EndProject
Project("{FAE04EC0-301F-11D3-BF4B-00C04F79EFBC}") = "ShoutyFeatures", "ShoutyFeatures\ShoutyFeatures.csproj", "{494245D6-C86B-4E14-A23E-D8DBFF374EAE}"
EndProject
Project("{2150E333-8FDC-42A3-9474-1A3956D46DE8}") = "Solution Items", "Solution Items", "{5155B65D-A740-4B02-875B-15C3DB72C84C}"
	ProjectSection(SolutionItems) = preProject
		README.md = README.md
	EndProjectSection
EndProject
Project("{FAE04EC0-301F-11D3-BF4B-00C04F79EFBC}") = "ShoutyTests", "ShoutyTests\ShoutyTests.csproj", "{2EAB300E-0B27-4ACC-BCE6-DC7D2214E9E5}"
EndProject
Global
	GlobalSection(SolutionConfigurationPlatforms) = preSolution
		Debug|Any CPU = Debug|Any CPU
		Release|Any CPU = Release|Any CPU
	EndGlobalSection
	GlobalSection(ProjectConfigurationPlatforms) = postSolution
		{3F0D11CD-367D-457D-969F-4B8DB74E5C9E}.Debug|Any CPU.ActiveCfg = Debug|Any CPU
		{3F0D11CD-367D-457D-969F-4B8DB74E5C9E}.Debug|Any CPU.Build.0 = Debug|Any CPU
		{3F0D11CD-367D-457D-969F-4B8DB74E5C9E}.Release|Any CPU.ActiveCfg = Release|Any CPU
		{3F0D11CD-367D-457D-969F-4B8DB74E5C9E}.Release|Any CPU.Build.0 = Release|Any CPU
		{494245D6-C86B-4E14-A23E-D8DBFF374EAE}.Debug|Any CPU.ActiveCfg = Debug|Any CPU
		{494245D6-C86B-4E14-A23E-D8DBFF374EAE}.Debug|Any CPU.Build.0 = Debug|Any CPU
		{494245D6-C86B-4E14-A23E-D8DBFF374EAE}.Release|Any CPU.ActiveCfg = Release|Any CPU
		{494245D6-C86B-4E14-A23E-D8DBFF374EAE}.Release|Any CPU.Build.0 = Release|Any CPU
		{2EAB300E-0B27-4ACC-BCE6-DC7D2214E9E5}.Debug|Any CPU.ActiveCfg = Debug|Any CPU
		{2EAB300E-0B27-4ACC-BCE6-DC7D2214E9E5}.Debug|Any CPU.Build.0 = Debug|Any CPU
		{2EAB300E-0B27-4ACC-BCE6-DC7D2214E9E5}.Release|Any CPU.ActiveCfg = Release|Any CPU
		{2EAB300E-0B27-4ACC-BCE6-DC7D2214E9E5}.Release|Any CPU.Build.0 = Release|Any CPU
	EndGlobalSection
	GlobalSection(SolutionProperties) = preSolution
		HideSolutionNode = FALSE
	EndGlobalSection
EndGlobal
